
Microsoft Visual Studio Solution File, Format Version 12.00
# Visual Studio 15
VisualStudioVersion = 15.0.28307.271
MinimumVisualStudioVersion = 10.0.40219.1
Project("{9A19103F-16F7-4668-BE54-9A1E7A4F7556}") = "SmartHiveConnection", "SmartHiveConnection.csproj", "{ED07986F-750C-49B3-98C5-62A84CD49B38}"
EndProject
Global
	GlobalSection(SolutionConfigurationPlatforms) = preSolution
		Debug|Any CPU = Debug|Any CPU
		Release|Any CPU = Release|Any CPU
	EndGlobalSection
	GlobalSection(ProjectConfigurationPlatforms) = postSolution
		{ED07986F-750C-49B3-98C5-62A84CD49B38}.Debug|Any CPU.ActiveCfg = Debug|Any CPU
		{ED07986F-750C-49B3-98C5-62A84CD49B38}.Debug|Any CPU.Build.0 = Debug|Any CPU
		{ED07986F-750C-49B3-98C5-62A84CD49B38}.Release|Any CPU.ActiveCfg = Release|Any CPU
		{ED07986F-750C-49B3-98C5-62A84CD49B38}.Release|Any CPU.Build.0 = Release|Any CPU
	EndGlobalSection
	GlobalSection(SolutionProperties) = preSolution
		HideSolutionNode = FALSE
	EndGlobalSection
	GlobalSection(ExtensibilityGlobals) = postSolution
		SolutionGuid = {B60B6201-70A1-4114-B060-DB650C909399}
	EndGlobalSection
EndGlobal
